
Microsoft Visual Studio Solution File, Format Version 12.00
# Visual Studio Version 17
VisualStudioVersion = 17.6.33801.468
MinimumVisualStudioVersion = 10.0.40219.1
Project("{FAE04EC0-301F-11D3-BF4B-00C04F79EFBC}") = "swapmvc", "swapmvc\swapmvc.csproj", "{DA46465B-70D9-41E4-92AF-1214A46E92B0}"
EndProject
Global
	GlobalSection(SolutionConfigurationPlatforms) = preSolution
		Debug|Any CPU = Debug|Any CPU
		Release|Any CPU = Release|Any CPU
	EndGlobalSection
	GlobalSection(ProjectConfigurationPlatforms) = postSolution
		{DA46465B-70D9-41E4-92AF-1214A46E92B0}.Debug|Any CPU.ActiveCfg = Debug|Any CPU
		{DA46465B-70D9-41E4-92AF-1214A46E92B0}.Debug|Any CPU.Build.0 = Debug|Any CPU
		{DA46465B-70D9-41E4-92AF-1214A46E92B0}.Release|Any CPU.ActiveCfg = Release|Any CPU
		{DA46465B-70D9-41E4-92AF-1214A46E92B0}.Release|Any CPU.Build.0 = Release|Any CPU
	EndGlobalSection
	GlobalSection(SolutionProperties) = preSolution
		HideSolutionNode = FALSE
	EndGlobalSection
	GlobalSection(ExtensibilityGlobals) = postSolution
		SolutionGuid = {DE6356E7-A50B-4BE6-9F5F-564ACE70AF4D}
	EndGlobalSection
EndGlobal
